
Microsoft Visual Studio Solution File, Format Version 12.00
# Visual Studio Version 17
VisualStudioVersion = 17.9.34728.123
MinimumVisualStudioVersion = 10.0.40219.1
Project("{FAE04EC0-301F-11D3-BF4B-00C04F79EFBC}") = "ExemploCicloWhile", "ExemploCicloWhile\ExemploCicloWhile.csproj", "{D07792A9-09A4-4058-8C80-40C270DFBA03}"
EndProject
Global
	GlobalSection(SolutionConfigurationPlatforms) = preSolution
		Debug|Any CPU = Debug|Any CPU
		Release|Any CPU = Release|Any CPU
	EndGlobalSection
	GlobalSection(ProjectConfigurationPlatforms) = postSolution
		{D07792A9-09A4-4058-8C80-40C270DFBA03}.Debug|Any CPU.ActiveCfg = Debug|Any CPU
		{D07792A9-09A4-4058-8C80-40C270DFBA03}.Debug|Any CPU.Build.0 = Debug|Any CPU
		{D07792A9-09A4-4058-8C80-40C270DFBA03}.Release|Any CPU.ActiveCfg = Release|Any CPU
		{D07792A9-09A4-4058-8C80-40C270DFBA03}.Release|Any CPU.Build.0 = Release|Any CPU
	EndGlobalSection
	GlobalSection(SolutionProperties) = preSolution
		HideSolutionNode = FALSE
	EndGlobalSection
	GlobalSection(ExtensibilityGlobals) = postSolution
		SolutionGuid = {28FB0EC7-9986-4530-9F97-FC663E1330E7}
	EndGlobalSection
EndGlobal
